// !$*UTF8*$!
{
	archiveVersion = 1;
	classes = {
	};
	objectVersion = 48;
	objects = {

/* Begin PBXBuildFile section */
		A92239EB206F5E2F00501AF8 /* AppDelegate.swift in Sources */ = {isa = PBXBuildFile; fileRef = A92239EA206F5E2F00501AF8 /* AppDelegate.swift */; };
		A92239ED206F5E2F00501AF8 /* BreathingViewController.swift in Sources */ = {isa = PBXBuildFile; fileRef = A92239EC206F5E2F00501AF8 /* BreathingViewController.swift */; };
		A92239F0206F5E2F00501AF8 /* Main.storyboard in Resources */ = {isa = PBXBuildFile; fileRef = A92239EE206F5E2F00501AF8 /* Main.storyboard */; };
		A92239F2206F5E2F00501AF8 /* Assets.xcassets in Resources */ = {isa = PBXBuildFile; fileRef = A92239F1206F5E2F00501AF8 /* Assets.xcassets */; };
		A92239F5206F5E2F00501AF8 /* LaunchScreen.storyboard in Resources */ = {isa = PBXBuildFile; fileRef = A92239F3206F5E2F00501AF8 /* LaunchScreen.storyboard */; };
		A9223A0B206F63B900501AF8 /* BreathingViewControllerTests.swift in Sources */ = {isa = PBXBuildFile; fileRef = A9223A0A206F63B900501AF8 /* BreathingViewControllerTests.swift */; };
		A9223A13206F667200501AF8 /* BreathingPhase.swift in Sources */ = {isa = PBXBuildFile; fileRef = A9223A12206F667200501AF8 /* BreathingPhase.swift */; };
		A9223A15206F66BB00501AF8 /* BreathingPhaseProvider.swift in Sources */ = {isa = PBXBuildFile; fileRef = A9223A14206F66BB00501AF8 /* BreathingPhaseProvider.swift */; };
		A9223A17206F675300501AF8 /* BreathingPhaseProviderTests.swift in Sources */ = {isa = PBXBuildFile; fileRef = A9223A16206F675300501AF8 /* BreathingPhaseProviderTests.swift */; };
		A9223A1D206F6C5200501AF8 /* breathing_cycle.json in Resources */ = {isa = PBXBuildFile; fileRef = A9223A1C206F6C5200501AF8 /* breathing_cycle.json */; };
		A9223A1F206F6C9700501AF8 /* valid_cycle.json in Resources */ = {isa = PBXBuildFile; fileRef = A9223A1E206F6C9700501AF8 /* valid_cycle.json */; };
		A9223A23206F6F7900501AF8 /* BreathingViewPresenter.swift in Sources */ = {isa = PBXBuildFile; fileRef = A9223A22206F6F7900501AF8 /* BreathingViewPresenter.swift */; };
		A9223A25206F6FCD00501AF8 /* BreathingView.swift in Sources */ = {isa = PBXBuildFile; fileRef = A9223A24206F6FCD00501AF8 /* BreathingView.swift */; };
/* End PBXBuildFile section */

/* Begin PBXContainerItemProxy section */
		A92239FC206F5E2F00501AF8 /* PBXContainerItemProxy */ = {
			isa = PBXContainerItemProxy;
			containerPortal = A92239DF206F5E2F00501AF8 /* Project object */;
			proxyType = 1;
			remoteGlobalIDString = A92239E6206F5E2F00501AF8;
			remoteInfo = BreathingSquare;
		};
/* End PBXContainerItemProxy section */

/* Begin PBXFileReference section */
		A92239E7206F5E2F00501AF8 /* BreathingSquare.app */ = {isa = PBXFileReference; explicitFileType = wrapper.application; includeInIndex = 0; path = BreathingSquare.app; sourceTree = BUILT_PRODUCTS_DIR; };
		A92239EA206F5E2F00501AF8 /* AppDelegate.swift */ = {isa = PBXFileReference; lastKnownFileType = sourcecode.swift; path = AppDelegate.swift; sourceTree = "<group>"; };
		A92239EC206F5E2F00501AF8 /* BreathingViewController.swift */ = {isa = PBXFileReference; lastKnownFileType = sourcecode.swift; path = BreathingViewController.swift; sourceTree = "<group>"; };
		A92239EF206F5E2F00501AF8 /* Base */ = {isa = PBXFileReference; lastKnownFileType = file.storyboard; name = Base; path = Base.lproj/Main.storyboard; sourceTree = "<group>"; };
		A92239F1206F5E2F00501AF8 /* Assets.xcassets */ = {isa = PBXFileReference; lastKnownFileType = folder.assetcatalog; path = Assets.xcassets; sourceTree = "<group>"; };
		A92239F4206F5E2F00501AF8 /* Base */ = {isa = PBXFileReference; lastKnownFileType = file.storyboard; name = Base; path = Base.lproj/LaunchScreen.storyboard; sourceTree = "<group>"; };
		A92239F6206F5E2F00501AF8 /* Info.plist */ = {isa = PBXFileReference; lastKnownFileType = text.plist.xml; path = Info.plist; sourceTree = "<group>"; };
		A92239FB206F5E2F00501AF8 /* BreathingSquareTests.xctest */ = {isa = PBXFileReference; explicitFileType = wrapper.cfbundle; includeInIndex = 0; path = BreathingSquareTests.xctest; sourceTree = BUILT_PRODUCTS_DIR; };
		A9223A01206F5E2F00501AF8 /* Info.plist */ = {isa = PBXFileReference; lastKnownFileType = text.plist.xml; path = Info.plist; sourceTree = "<group>"; };
		A9223A0A206F63B900501AF8 /* BreathingViewControllerTests.swift */ = {isa = PBXFileReference; lastKnownFileType = sourcecode.swift; path = BreathingViewControllerTests.swift; sourceTree = "<group>"; };
		A9223A12206F667200501AF8 /* BreathingPhase.swift */ = {isa = PBXFileReference; lastKnownFileType = sourcecode.swift; path = BreathingPhase.swift; sourceTree = "<group>"; };
		A9223A14206F66BB00501AF8 /* BreathingPhaseProvider.swift */ = {isa = PBXFileReference; lastKnownFileType = sourcecode.swift; path = BreathingPhaseProvider.swift; sourceTree = "<group>"; };
		A9223A16206F675300501AF8 /* BreathingPhaseProviderTests.swift */ = {isa = PBXFileReference; lastKnownFileType = sourcecode.swift; path = BreathingPhaseProviderTests.swift; sourceTree = "<group>"; };
		A9223A1C206F6C5200501AF8 /* breathing_cycle.json */ = {isa = PBXFileReference; fileEncoding = 4; lastKnownFileType = text.json; path = breathing_cycle.json; sourceTree = "<group>"; };
		A9223A1E206F6C9700501AF8 /* valid_cycle.json */ = {isa = PBXFileReference; fileEncoding = 4; lastKnownFileType = text.json; path = valid_cycle.json; sourceTree = "<group>"; };
		A9223A22206F6F7900501AF8 /* BreathingViewPresenter.swift */ = {isa = PBXFileReference; lastKnownFileType = sourcecode.swift; path = BreathingViewPresenter.swift; sourceTree = "<group>"; };
		A9223A24206F6FCD00501AF8 /* BreathingView.swift */ = {isa = PBXFileReference; lastKnownFileType = sourcecode.swift; path = BreathingView.swift; sourceTree = "<group>"; };
/* End PBXFileReference section */

/* Begin PBXFrameworksBuildPhase section */
		A92239E4206F5E2F00501AF8 /* Frameworks */ = {
			isa = PBXFrameworksBuildPhase;
			buildActionMask = 2147483647;
			files = (
			);
			runOnlyForDeploymentPostprocessing = 0;
		};
		A92239F8206F5E2F00501AF8 /* Frameworks */ = {
			isa = PBXFrameworksBuildPhase;
			buildActionMask = 2147483647;
			files = (
			);
			runOnlyForDeploymentPostprocessing = 0;
		};
/* End PBXFrameworksBuildPhase section */

/* Begin PBXGroup section */
		A92239DE206F5E2F00501AF8 = {
			isa = PBXGroup;
			children = (
				A92239E9206F5E2F00501AF8 /* BreathingSquare */,
				A92239FE206F5E2F00501AF8 /* BreathingSquareTests */,
				A92239E8206F5E2F00501AF8 /* Products */,
			);
			sourceTree = "<group>";
		};
		A92239E8206F5E2F00501AF8 /* Products */ = {
			isa = PBXGroup;
			children = (
				A92239E7206F5E2F00501AF8 /* BreathingSquare.app */,
				A92239FB206F5E2F00501AF8 /* BreathingSquareTests.xctest */,
			);
			name = Products;
			sourceTree = "<group>";
		};
		A92239E9206F5E2F00501AF8 /* BreathingSquare */ = {
			isa = PBXGroup;
			children = (
				A9223A0E206F655200501AF8 /* Model */,
				A9223A21206F6F3A00501AF8 /* Presenter */,
				A9223A0F206F655C00501AF8 /* View */,
				A9223A0D206F654100501AF8 /* Resources */,
				A9223A0C206F651A00501AF8 /* Supporting Files */,
			);
			path = BreathingSquare;
			sourceTree = "<group>";
		};
		A92239FE206F5E2F00501AF8 /* BreathingSquareTests */ = {
			isa = PBXGroup;
			children = (
				A9223A0A206F63B900501AF8 /* BreathingViewControllerTests.swift */,
				A9223A16206F675300501AF8 /* BreathingPhaseProviderTests.swift */,
				A9223A19206F6BEE00501AF8 /* Resources */,
				A9223A01206F5E2F00501AF8 /* Info.plist */,
			);
			path = BreathingSquareTests;
			sourceTree = "<group>";
		};
		A9223A0C206F651A00501AF8 /* Supporting Files */ = {
			isa = PBXGroup;
			children = (
				A92239F1206F5E2F00501AF8 /* Assets.xcassets */,
				A92239F3206F5E2F00501AF8 /* LaunchScreen.storyboard */,
				A92239EA206F5E2F00501AF8 /* AppDelegate.swift */,
				A92239F6206F5E2F00501AF8 /* Info.plist */,
			);
			path = "Supporting Files";
			sourceTree = "<group>";
		};
		A9223A0D206F654100501AF8 /* Resources */ = {
			isa = PBXGroup;
			children = (
				A9223A1C206F6C5200501AF8 /* breathing_cycle.json */,
			);
			path = Resources;
			sourceTree = "<group>";
		};
		A9223A0E206F655200501AF8 /* Model */ = {
			isa = PBXGroup;
			children = (
				A9223A12206F667200501AF8 /* BreathingPhase.swift */,
				A9223A14206F66BB00501AF8 /* BreathingPhaseProvider.swift */,
			);
			path = Model;
			sourceTree = "<group>";
		};
		A9223A0F206F655C00501AF8 /* View */ = {
			isa = PBXGroup;
			children = (
				A92239EC206F5E2F00501AF8 /* BreathingViewController.swift */,
				A92239EE206F5E2F00501AF8 /* Main.storyboard */,
				A9223A24206F6FCD00501AF8 /* BreathingView.swift */,
			);
			path = View;
			sourceTree = "<group>";
		};
		A9223A19206F6BEE00501AF8 /* Resources */ = {
			isa = PBXGroup;
			children = (
				A9223A1E206F6C9700501AF8 /* valid_cycle.json */,
			);
			path = Resources;
			sourceTree = "<group>";
		};
		A9223A21206F6F3A00501AF8 /* Presenter */ = {
			isa = PBXGroup;
			children = (
				A9223A22206F6F7900501AF8 /* BreathingViewPresenter.swift */,
			);
			path = Presenter;
			sourceTree = "<group>";
		};
/* End PBXGroup section */

/* Begin PBXNativeTarget section */
		A92239E6206F5E2F00501AF8 /* BreathingSquare */ = {
			isa = PBXNativeTarget;
			buildConfigurationList = A9223A04206F5E2F00501AF8 /* Build configuration list for PBXNativeTarget "BreathingSquare" */;
			buildPhases = (
				A92239E3206F5E2F00501AF8 /* Sources */,
				A92239E4206F5E2F00501AF8 /* Frameworks */,
				A92239E5206F5E2F00501AF8 /* Resources */,
			);
			buildRules = (
			);
			dependencies = (
			);
			name = BreathingSquare;
			productName = BreathingSquare;
			productReference = A92239E7206F5E2F00501AF8 /* BreathingSquare.app */;
			productType = "com.apple.product-type.application";
		};
		A92239FA206F5E2F00501AF8 /* BreathingSquareTests */ = {
			isa = PBXNativeTarget;
			buildConfigurationList = A9223A07206F5E2F00501AF8 /* Build configuration list for PBXNativeTarget "BreathingSquareTests" */;
			buildPhases = (
				A92239F7206F5E2F00501AF8 /* Sources */,
				A92239F8206F5E2F00501AF8 /* Frameworks */,
				A92239F9206F5E2F00501AF8 /* Resources */,
			);
			buildRules = (
			);
			dependencies = (
				A92239FD206F5E2F00501AF8 /* PBXTargetDependency */,
			);
			name = BreathingSquareTests;
			productName = BreathingSquareTests;
			productReference = A92239FB206F5E2F00501AF8 /* BreathingSquareTests.xctest */;
			productType = "com.apple.product-type.bundle.unit-test";
		};
/* End PBXNativeTarget section */

/* Begin PBXProject section */
		A92239DF206F5E2F00501AF8 /* Project object */ = {
			isa = PBXProject;
			attributes = {
				LastSwiftUpdateCheck = 0920;
				LastUpgradeCheck = 0920;
				ORGANIZATIONNAME = "Oleksii Huralnyk";
				TargetAttributes = {
					A92239E6206F5E2F00501AF8 = {
						CreatedOnToolsVersion = 9.2;
						ProvisioningStyle = Automatic;
					};
					A92239FA206F5E2F00501AF8 = {
						CreatedOnToolsVersion = 9.2;
						LastSwiftMigration = 0920;
						ProvisioningStyle = Automatic;
						TestTargetID = A92239E6206F5E2F00501AF8;
					};
				};
			};
			buildConfigurationList = A92239E2206F5E2F00501AF8 /* Build configuration list for PBXProject "BreathingSquare" */;
			compatibilityVersion = "Xcode 8.0";
			developmentRegion = en;
			hasScannedForEncodings = 0;
			knownRegions = (
				en,
				Base,
			);
			mainGroup = A92239DE206F5E2F00501AF8;
			productRefGroup = A92239E8206F5E2F00501AF8 /* Products */;
			projectDirPath = "";
			projectRoot = "";
			targets = (
				A92239E6206F5E2F00501AF8 /* BreathingSquare */,
				A92239FA206F5E2F00501AF8 /* BreathingSquareTests */,
			);
		};
/* End PBXProject section */

/* Begin PBXResourcesBuildPhase section */
		A92239E5206F5E2F00501AF8 /* Resources */ = {
			isa = PBXResourcesBuildPhase;
			buildActionMask = 2147483647;
			files = (
				A92239F5206F5E2F00501AF8 /* LaunchScreen.storyboard in Resources */,
				A92239F2206F5E2F00501AF8 /* Assets.xcassets in Resources */,
				A92239F0206F5E2F00501AF8 /* Main.storyboard in Resources */,
				A9223A1D206F6C5200501AF8 /* breathing_cycle.json in Resources */,
			);
			runOnlyForDeploymentPostprocessing = 0;
		};
		A92239F9206F5E2F00501AF8 /* Resources */ = {
			isa = PBXResourcesBuildPhase;
			buildActionMask = 2147483647;
			files = (
				A9223A1F206F6C9700501AF8 /* valid_cycle.json in Resources */,
			);
			runOnlyForDeploymentPostprocessing = 0;
		};
/* End PBXResourcesBuildPhase section */

/* Begin PBXSourcesBuildPhase section */
		A92239E3206F5E2F00501AF8 /* Sources */ = {
			isa = PBXSourcesBuildPhase;
			buildActionMask = 2147483647;
			files = (
				A92239ED206F5E2F00501AF8 /* BreathingViewController.swift in Sources */,
				A9223A13206F667200501AF8 /* BreathingPhase.swift in Sources */,
				A9223A25206F6FCD00501AF8 /* BreathingView.swift in Sources */,
				A92239EB206F5E2F00501AF8 /* AppDelegate.swift in Sources */,
				A9223A15206F66BB00501AF8 /* BreathingPhaseProvider.swift in Sources */,
				A9223A23206F6F7900501AF8 /* BreathingViewPresenter.swift in Sources */,
			);
			runOnlyForDeploymentPostprocessing = 0;
		};
		A92239F7206F5E2F00501AF8 /* Sources */ = {
			isa = PBXSourcesBuildPhase;
			buildActionMask = 2147483647;
			files = (
				A9223A0B206F63B900501AF8 /* BreathingViewControllerTests.swift in Sources */,
				A9223A17206F675300501AF8 /* BreathingPhaseProviderTests.swift in Sources */,
			);
			runOnlyForDeploymentPostprocessing = 0;
		};
/* End PBXSourcesBuildPhase section */

/* Begin PBXTargetDependency section */
		A92239FD206F5E2F00501AF8 /* PBXTargetDependency */ = {
			isa = PBXTargetDependency;
			target = A92239E6206F5E2F00501AF8 /* BreathingSquare */;
			targetProxy = A92239FC206F5E2F00501AF8 /* PBXContainerItemProxy */;
		};
/* End PBXTargetDependency section */

/* Begin PBXVariantGroup section */
		A92239EE206F5E2F00501AF8 /* Main.storyboard */ = {
			isa = PBXVariantGroup;
			children = (
				A92239EF206F5E2F00501AF8 /* Base */,
			);
			name = Main.storyboard;
			sourceTree = "<group>";
		};
		A92239F3206F5E2F00501AF8 /* LaunchScreen.storyboard */ = {
			isa = PBXVariantGroup;
			children = (
				A92239F4206F5E2F00501AF8 /* Base */,
			);
			name = LaunchScreen.storyboard;
			sourceTree = "<group>";
		};
/* End PBXVariantGroup section */

/* Begin XCBuildConfiguration section */
		A9223A02206F5E2F00501AF8 /* Debug */ = {
			isa = XCBuildConfiguration;
			buildSettings = {
				ALWAYS_SEARCH_USER_PATHS = NO;
				CLANG_ANALYZER_NONNULL = YES;
				CLANG_ANALYZER_NUMBER_OBJECT_CONVERSION = YES_AGGRESSIVE;
				CLANG_CXX_LANGUAGE_STANDARD = "gnu++14";
				CLANG_CXX_LIBRARY = "libc++";
				CLANG_ENABLE_MODULES = YES;
				CLANG_ENABLE_OBJC_ARC = YES;
				CLANG_WARN_BLOCK_CAPTURE_AUTORELEASING = YES;
				CLANG_WARN_BOOL_CONVERSION = YES;
				CLANG_WARN_COMMA = YES;
				CLANG_WARN_CONSTANT_CONVERSION = YES;
				CLANG_WARN_DIRECT_OBJC_ISA_USAGE = YES_ERROR;
				CLANG_WARN_DOCUMENTATION_COMMENTS = YES;
				CLANG_WARN_EMPTY_BODY = YES;
				CLANG_WARN_ENUM_CONVERSION = YES;
				CLANG_WARN_INFINITE_RECURSION = YES;
				CLANG_WARN_INT_CONVERSION = YES;
				CLANG_WARN_NON_LITERAL_NULL_CONVERSION = YES;
				CLANG_WARN_OBJC_LITERAL_CONVERSION = YES;
				CLANG_WARN_OBJC_ROOT_CLASS = YES_ERROR;
				CLANG_WARN_RANGE_LOOP_ANALYSIS = YES;
				CLANG_WARN_STRICT_PROTOTYPES = YES;
				CLANG_WARN_SUSPICIOUS_MOVE = YES;
				CLANG_WARN_UNGUARDED_AVAILABILITY = YES_AGGRESSIVE;
				CLANG_WARN_UNREACHABLE_CODE = YES;
				CLANG_WARN__DUPLICATE_METHOD_MATCH = YES;
				CODE_SIGN_IDENTITY = "iPhone Developer";
				COPY_PHASE_STRIP = NO;
				DEBUG_INFORMATION_FORMAT = dwarf;
				ENABLE_STRICT_OBJC_MSGSEND = YES;
				ENABLE_TESTABILITY = YES;
				GCC_C_LANGUAGE_STANDARD = gnu11;
				GCC_DYNAMIC_NO_PIC = NO;
				GCC_NO_COMMON_BLOCKS = YES;
				GCC_OPTIMIZATION_LEVEL = 0;
				GCC_PREPROCESSOR_DEFINITIONS = (
					"DEBUG=1",
					"$(inherited)",
				);
				GCC_WARN_64_TO_32_BIT_CONVERSION = YES;
				GCC_WARN_ABOUT_RETURN_TYPE = YES_ERROR;
				GCC_WARN_UNDECLARED_SELECTOR = YES;
				GCC_WARN_UNINITIALIZED_AUTOS = YES_AGGRESSIVE;
				GCC_WARN_UNUSED_FUNCTION = YES;
				GCC_WARN_UNUSED_VARIABLE = YES;
				IPHONEOS_DEPLOYMENT_TARGET = 11.2;
				MTL_ENABLE_DEBUG_INFO = YES;
				ONLY_ACTIVE_ARCH = YES;
				SDKROOT = iphoneos;
				SWIFT_ACTIVE_COMPILATION_CONDITIONS = DEBUG;
				SWIFT_OPTIMIZATION_LEVEL = "-Onone";
			};
			name = Debug;
		};
		A9223A03206F5E2F00501AF8 /* Release */ = {
			isa = XCBuildConfiguration;
			buildSettings = {
				ALWAYS_SEARCH_USER_PATHS = NO;
				CLANG_ANALYZER_NONNULL = YES;
				CLANG_ANALYZER_NUMBER_OBJECT_CONVERSION = YES_AGGRESSIVE;
				CLANG_CXX_LANGUAGE_STANDARD = "gnu++14";
				CLANG_CXX_LIBRARY = "libc++";
				CLANG_ENABLE_MODULES = YES;
				CLANG_ENABLE_OBJC_ARC = YES;
				CLANG_WARN_BLOCK_CAPTURE_AUTORELEASING = YES;
				CLANG_WARN_BOOL_CONVERSION = YES;
				CLANG_WARN_COMMA = YES;
				CLANG_WARN_CONSTANT_CONVERSION = YES;
				CLANG_WARN_DIRECT_OBJC_ISA_USAGE = YES_ERROR;
				CLANG_WARN_DOCUMENTATION_COMMENTS = YES;
				CLANG_WARN_EMPTY_BODY = YES;
				CLANG_WARN_ENUM_CONVERSION = YES;
				CLANG_WARN_INFINITE_RECURSION = YES;
				CLANG_WARN_INT_CONVERSION = YES;
				CLANG_WARN_NON_LITERAL_NULL_CONVERSION = YES;
				CLANG_WARN_OBJC_LITERAL_CONVERSION = YES;
				CLANG_WARN_OBJC_ROOT_CLASS = YES_ERROR;
				CLANG_WARN_RANGE_LOOP_ANALYSIS = YES;
				CLANG_WARN_STRICT_PROTOTYPES = YES;
				CLANG_WARN_SUSPICIOUS_MOVE = YES;
				CLANG_WARN_UNGUARDED_AVAILABILITY = YES_AGGRESSIVE;
				CLANG_WARN_UNREACHABLE_CODE = YES;
				CLANG_WARN__DUPLICATE_METHOD_MATCH = YES;
				CODE_SIGN_IDENTITY = "iPhone Developer";
				COPY_PHASE_STRIP = NO;
				DEBUG_INFORMATION_FORMAT = "dwarf-with-dsym";
				ENABLE_NS_ASSERTIONS = NO;
				ENABLE_STRICT_OBJC_MSGSEND = YES;
				GCC_C_LANGUAGE_STANDARD = gnu11;
				GCC_NO_COMMON_BLOCKS = YES;
				GCC_WARN_64_TO_32_BIT_CONVERSION = YES;
				GCC_WARN_ABOUT_RETURN_TYPE = YES_ERROR;
				GCC_WARN_UNDECLARED_SELECTOR = YES;
				GCC_WARN_UNINITIALIZED_AUTOS = YES_AGGRESSIVE;
				GCC_WARN_UNUSED_FUNCTION = YES;
				GCC_WARN_UNUSED_VARIABLE = YES;
				IPHONEOS_DEPLOYMENT_TARGET = 11.2;
				MTL_ENABLE_DEBUG_INFO = NO;
				SDKROOT = iphoneos;
				SWIFT_OPTIMIZATION_LEVEL = "-Owholemodule";
				VALIDATE_PRODUCT = YES;
			};
			name = Release;
		};
		A9223A05206F5E2F00501AF8 /* Debug */ = {
			isa = XCBuildConfiguration;
			buildSettings = {
				ASSETCATALOG_COMPILER_APPICON_NAME = AppIcon;
				CODE_SIGN_STYLE = Automatic;
				DEVELOPMENT_TEAM = TEB3BLN4BF;
				INFOPLIST_FILE = "$(SRCROOT)/BreathingSquare/Supporting Files/Info.plist";
				LD_RUNPATH_SEARCH_PATHS = "$(inherited) @executable_path/Frameworks";
				PRODUCT_BUNDLE_IDENTIFIER = com.huralnyk.BreathingSquare;
				PRODUCT_NAME = "$(TARGET_NAME)";
				SWIFT_VERSION = 4.0;
				TARGETED_DEVICE_FAMILY = "1,2";
			};
			name = Debug;
		};
		A9223A06206F5E2F00501AF8 /* Release */ = {
			isa = XCBuildConfiguration;
			buildSettings = {
				ASSETCATALOG_COMPILER_APPICON_NAME = AppIcon;
				CODE_SIGN_STYLE = Automatic;
				DEVELOPMENT_TEAM = TEB3BLN4BF;
				INFOPLIST_FILE = "$(SRCROOT)/BreathingSquare/Supporting Files/Info.plist";
				LD_RUNPATH_SEARCH_PATHS = "$(inherited) @executable_path/Frameworks";
				PRODUCT_BUNDLE_IDENTIFIER = com.huralnyk.BreathingSquare;
				PRODUCT_NAME = "$(TARGET_NAME)";
				SWIFT_VERSION = 4.0;
				TARGETED_DEVICE_FAMILY = "1,2";
			};
			name = Release;
		};
		A9223A08206F5E2F00501AF8 /* Debug */ = {
			isa = XCBuildConfiguration;
			buildSettings = {
				ALWAYS_EMBED_SWIFT_STANDARD_LIBRARIES = YES;
				BUNDLE_LOADER = "$(TEST_HOST)";
				CLANG_ENABLE_MODULES = YES;
				CODE_SIGN_STYLE = Automatic;
				DEVELOPMENT_TEAM = TEB3BLN4BF;
				INFOPLIST_FILE = BreathingSquareTests/Info.plist;
				LD_RUNPATH_SEARCH_PATHS = "$(inherited) @executable_path/Frameworks @loader_path/Frameworks";
				PRODUCT_BUNDLE_IDENTIFIER = com.huralnyk.BreathingSquareTests;
				PRODUCT_NAME = "$(TARGET_NAME)";
				SWIFT_OPTIMIZATION_LEVEL = "-Onone";
				SWIFT_VERSION = 4.0;
				TARGETED_DEVICE_FAMILY = "1,2";
				TEST_HOST = "$(BUILT_PRODUCTS_DIR)/BreathingSquare.app/BreathingSquare";
			};
			name = Debug;
		};
		A9223A09206F5E2F00501AF8 /* Release */ = {
			isa = XCBuildConfiguration;
			buildSettings = {
				ALWAYS_EMBED_SWIFT_STANDARD_LIBRARIES = YES;
				BUNDLE_LOADER = "$(TEST_HOST)";
				CLANG_ENABLE_MODULES = YES;
				CODE_SIGN_STYLE = Automatic;
				DEVELOPMENT_TEAM = TEB3BLN4BF;
				INFOPLIST_FILE = BreathingSquareTests/Info.plist;
				LD_RUNPATH_SEARCH_PATHS = "$(inherited) @executable_path/Frameworks @loader_path/Frameworks";
				PRODUCT_BUNDLE_IDENTIFIER = com.huralnyk.BreathingSquareTests;
				PRODUCT_NAME = "$(TARGET_NAME)";
				SWIFT_VERSION = 4.0;
				TARGETED_DEVICE_FAMILY = "1,2";
				TEST_HOST = "$(BUILT_PRODUCTS_DIR)/BreathingSquare.app/BreathingSquare";
			};
			name = Release;
		};
/* End XCBuildConfiguration section */

/* Begin XCConfigurationList section */
		A92239E2206F5E2F00501AF8 /* Build configuration list for PBXProject "BreathingSquare" */ = {
			isa = XCConfigurationList;
			buildConfigurations = (
				A9223A02206F5E2F00501AF8 /* Debug */,
				A9223A03206F5E2F00501AF8 /* Release */,
			);
			defaultConfigurationIsVisible = 0;
			defaultConfigurationName = Release;
		};
		A9223A04206F5E2F00501AF8 /* Build configuration list for PBXNativeTarget "BreathingSquare" */ = {
			isa = XCConfigurationList;
			buildConfigurations = (
				A9223A05206F5E2F00501AF8 /* Debug */,
				A9223A06206F5E2F00501AF8 /* Release */,
			);
			defaultConfigurationIsVisible = 0;
			defaultConfigurationName = Release;
		};
		A9223A07206F5E2F00501AF8 /* Build configuration list for PBXNativeTarget "BreathingSquareTests" */ = {
			isa = XCConfigurationList;
			buildConfigurations = (
				A9223A08206F5E2F00501AF8 /* Debug */,
				A9223A09206F5E2F00501AF8 /* Release */,
			);
			defaultConfigurationIsVisible = 0;
			defaultConfigurationName = Release;
		};
/* End XCConfigurationList section */
	};
	rootObject = A92239DF206F5E2F00501AF8 /* Project object */;
}
